
Microsoft Visual Studio Solution File, Format Version 12.00
# Visual Studio Version 17
VisualStudioVersion = 17.8.34601.278
MinimumVisualStudioVersion = 10.0.40219.1
Project("{9A19103F-16F7-4668-BE54-9A1E7A4F7556}") = "EmployeeManagment", "EmployeeManagment\EmployeeManagment\EmployeeManagment.csproj", "{BEBEB101-FE12-4B91-BA01-7C9D6599FF23}"
EndProject
Project("{9A19103F-16F7-4668-BE54-9A1E7A4F7556}") = "EmployeeManagment.Client", "EmployeeManagment\EmployeeManagment.Client\EmployeeManagment.Client.csproj", "{42201032-5F4B-4365-A30A-9118E50016BF}"
EndProject
Project("{FAE04EC0-301F-11D3-BF4B-00C04F79EFBC}") = "EmployeeManagment.Application", "EmployeeManagment.Application\EmployeeManagment.Application.csproj", "{2C015649-335E-4F16-BDF6-B8F05DB9419F}"
EndProject
Project("{FAE04EC0-301F-11D3-BF4B-00C04F79EFBC}") = "EmployeeManagment.Domain", "EmployeeManagment.Domain\EmployeeManagment.Domain.csproj", "{2CEAF684-5626-44B1-80B7-B23A396C041F}"
EndProject
Project("{FAE04EC0-301F-11D3-BF4B-00C04F79EFBC}") = "EmployeeManagment.Infrastructure", "EmployeeManagment.Infrastructure\EmployeeManagment.Infrastructure.csproj", "{DD6A0209-0859-4E73-9A4F-8DF7535A8B43}"
EndProject
Global
	GlobalSection(SolutionConfigurationPlatforms) = preSolution
		Debug|Any CPU = Debug|Any CPU
		Release|Any CPU = Release|Any CPU
	EndGlobalSection
	GlobalSection(ProjectConfigurationPlatforms) = postSolution
		{BEBEB101-FE12-4B91-BA01-7C9D6599FF23}.Debug|Any CPU.ActiveCfg = Debug|Any CPU
		{BEBEB101-FE12-4B91-BA01-7C9D6599FF23}.Debug|Any CPU.Build.0 = Debug|Any CPU
		{BEBEB101-FE12-4B91-BA01-7C9D6599FF23}.Release|Any CPU.ActiveCfg = Release|Any CPU
		{BEBEB101-FE12-4B91-BA01-7C9D6599FF23}.Release|Any CPU.Build.0 = Release|Any CPU
		{42201032-5F4B-4365-A30A-9118E50016BF}.Debug|Any CPU.ActiveCfg = Debug|Any CPU
		{42201032-5F4B-4365-A30A-9118E50016BF}.Debug|Any CPU.Build.0 = Debug|Any CPU
		{42201032-5F4B-4365-A30A-9118E50016BF}.Release|Any CPU.ActiveCfg = Release|Any CPU
		{42201032-5F4B-4365-A30A-9118E50016BF}.Release|Any CPU.Build.0 = Release|Any CPU
		{2C015649-335E-4F16-BDF6-B8F05DB9419F}.Debug|Any CPU.ActiveCfg = Debug|Any CPU
		{2C015649-335E-4F16-BDF6-B8F05DB9419F}.Debug|Any CPU.Build.0 = Debug|Any CPU
		{2C015649-335E-4F16-BDF6-B8F05DB9419F}.Release|Any CPU.ActiveCfg = Release|Any CPU
		{2C015649-335E-4F16-BDF6-B8F05DB9419F}.Release|Any CPU.Build.0 = Release|Any CPU
		{2CEAF684-5626-44B1-80B7-B23A396C041F}.Debug|Any CPU.ActiveCfg = Debug|Any CPU
		{2CEAF684-5626-44B1-80B7-B23A396C041F}.Debug|Any CPU.Build.0 = Debug|Any CPU
		{2CEAF684-5626-44B1-80B7-B23A396C041F}.Release|Any CPU.ActiveCfg = Release|Any CPU
		{2CEAF684-5626-44B1-80B7-B23A396C041F}.Release|Any CPU.Build.0 = Release|Any CPU
		{DD6A0209-0859-4E73-9A4F-8DF7535A8B43}.Debug|Any CPU.ActiveCfg = Debug|Any CPU
		{DD6A0209-0859-4E73-9A4F-8DF7535A8B43}.Debug|Any CPU.Build.0 = Debug|Any CPU
		{DD6A0209-0859-4E73-9A4F-8DF7535A8B43}.Release|Any CPU.ActiveCfg = Release|Any CPU
		{DD6A0209-0859-4E73-9A4F-8DF7535A8B43}.Release|Any CPU.Build.0 = Release|Any CPU
	EndGlobalSection
	GlobalSection(SolutionProperties) = preSolution
		HideSolutionNode = FALSE
	EndGlobalSection
	GlobalSection(ExtensibilityGlobals) = postSolution
		SolutionGuid = {776A068E-4DF9-4C61-92F1-3A7FD58FBA17}
	EndGlobalSection
EndGlobal
